
Microsoft Visual Studio Solution File, Format Version 12.00
Project("{FAE04EC0-301F-11D3-BF4B-00C04F79EFBC}") = "HighSchoolApp", "HighSchoolApp\HighSchoolApp.csproj", "{FB86DE5E-626F-4489-9450-18E63E735ABB}"
EndProject
Global
	GlobalSection(SolutionConfigurationPlatforms) = preSolution
		Debug|Any CPU = Debug|Any CPU
		Release|Any CPU = Release|Any CPU
	EndGlobalSection
	GlobalSection(ProjectConfigurationPlatforms) = postSolution
		{FB86DE5E-626F-4489-9450-18E63E735ABB}.Debug|Any CPU.ActiveCfg = Debug|Any CPU
		{FB86DE5E-626F-4489-9450-18E63E735ABB}.Debug|Any CPU.Build.0 = Debug|Any CPU
		{FB86DE5E-626F-4489-9450-18E63E735ABB}.Release|Any CPU.ActiveCfg = Release|Any CPU
		{FB86DE5E-626F-4489-9450-18E63E735ABB}.Release|Any CPU.Build.0 = Release|Any CPU
	EndGlobalSection
EndGlobal
